
Microsoft Visual Studio Solution File, Format Version 12.00
# Visual Studio 15
Project("{FAE04EC0-301F-11D3-BF4B-00C04F79EFBC}") = "Assembly-CSharp", "Assembly-CSharp.csproj", "{A25CBC10-19B1-C1E3-DAE2-0D68D9AA69DF}"
EndProject
Global
	GlobalSection(SolutionConfigurationPlatforms) = preSolution
		Debug|Any CPU = Debug|Any CPU
		Release|Any CPU = Release|Any CPU
	EndGlobalSection
	GlobalSection(ProjectConfigurationPlatforms) = postSolution
		{A25CBC10-19B1-C1E3-DAE2-0D68D9AA69DF}.Debug|Any CPU.ActiveCfg = Debug|Any CPU
		{A25CBC10-19B1-C1E3-DAE2-0D68D9AA69DF}.Debug|Any CPU.Build.0 = Debug|Any CPU
		{A25CBC10-19B1-C1E3-DAE2-0D68D9AA69DF}.Release|Any CPU.ActiveCfg = Release|Any CPU
		{A25CBC10-19B1-C1E3-DAE2-0D68D9AA69DF}.Release|Any CPU.Build.0 = Release|Any CPU
	EndGlobalSection
	GlobalSection(SolutionProperties) = preSolution
		HideSolutionNode = FALSE
	EndGlobalSection
EndGlobal
